
Microsoft Visual Studio Solution File, Format Version 12.00
# Visual Studio 15
VisualStudioVersion = 15.0.28010.2003
MinimumVisualStudioVersion = 10.0.40219.1
Project("{2150E333-8FDC-42A3-9474-1A3956D46DE8}") = "0 - Presentention", "0 - Presentention", "{1FCDAADF-D04A-44E2-BBA5-6424EE3C0C9F}"
EndProject
Project("{2150E333-8FDC-42A3-9474-1A3956D46DE8}") = "1 - Application", "1 - Application", "{BE030C12-93C3-4A15-A79A-A28D051B5FFC}"
EndProject
Project("{2150E333-8FDC-42A3-9474-1A3956D46DE8}") = "2 - Domain", "2 - Domain", "{2F86841D-621E-4BF1-9FA8-5214A4A30EF4}"
EndProject
Project("{2150E333-8FDC-42A3-9474-1A3956D46DE8}") = "3 - Infrastructure", "3 - Infrastructure", "{6F782864-CF1C-4602-8342-DE054A7B2E59}"
EndProject
Project("{2150E333-8FDC-42A3-9474-1A3956D46DE8}") = "4 - Common", "4 - Common", "{2F952F6D-2DFC-498B-821E-3AD7DE3241EF}"
EndProject
Project("{2150E333-8FDC-42A3-9474-1A3956D46DE8}") = "3.1 - Data", "3.1 - Data", "{5668E34E-027F-48EC-A9DD-93B4F443C511}"
EndProject
Project("{2150E333-8FDC-42A3-9474-1A3956D46DE8}") = "3.2 - CrossCutting", "3.2 - CrossCutting", "{D29A5A8C-9031-4581-9F4B-11FA2D399EB9}"
EndProject
Project("{9A19103F-16F7-4668-BE54-9A1E7A4F7556}") = "NASys.Core.Data.Context", "3 - Infrastructure\3.1 - Data\NASys.Core.Data.Context\NASys.Core.Data.Context.csproj", "{8C25EF33-AA08-4494-A955-F0D466B84FCF}"
EndProject
Project("{9A19103F-16F7-4668-BE54-9A1E7A4F7556}") = "NASys.Core.Data.Repository", "3 - Infrastructure\3.1 - Data\NASys.Core.Data.Repository\NASys.Core.Data.Repository.csproj", "{25E4CCC0-78B6-431D-952F-9BB8447054CC}"
EndProject
Project("{9A19103F-16F7-4668-BE54-9A1E7A4F7556}") = "NASys.Core.Domain", "2 - Domain\NASys.Core.Domain\NASys.Core.Domain.csproj", "{7841E650-1314-43EA-9138-C1C50F893B79}"
EndProject
Project("{9A19103F-16F7-4668-BE54-9A1E7A4F7556}") = "NASys.Core.Data.IoC", "3 - Infrastructure\3.2 - CrossCutting\NASys.Core.Data.IoC\NASys.Core.Data.IoC.csproj", "{E7475FA6-BDC8-4553-966A-8D3020BDEC7C}"
EndProject
Project("{9A19103F-16F7-4668-BE54-9A1E7A4F7556}") = "Common.Utility", "4 - Common\Common.Utility\Common.Utility.csproj", "{10690FEF-D426-4AF3-A2EF-5A284E71EADC}"
EndProject
Project("{9A19103F-16F7-4668-BE54-9A1E7A4F7556}") = "NASys.Core.Domain.Core", "2 - Domain\NASys.Core.Domain.Core\NASys.Core.Domain.Core.csproj", "{1D1B5A9A-9D73-4940-A03F-5C6D579C96F9}"
EndProject
Project("{9A19103F-16F7-4668-BE54-9A1E7A4F7556}") = "NASys.Core.UsersApi.Application", "1 - Application\NASys.Core.UsersApi.Application\NASys.Core.UsersApi.Application.csproj", "{BCA8F331-C716-4B27-875B-D21E004A094B}"
EndProject
Project("{9A19103F-16F7-4668-BE54-9A1E7A4F7556}") = "NASys.Core.UsersApi", "0 - Presentention\NASys.Core.UsersApi\NASys.Core.UsersApi.csproj", "{4EFBB2A9-A2DA-4667-83D1-0DA9E6674027}"
EndProject
Project("{9A19103F-16F7-4668-BE54-9A1E7A4F7556}") = "NASys.Core.CrossCutting.Bus", "3 - Infrastructure\3.2 - CrossCutting\NASys.Core.CrossCutting.Bus\NASys.Core.CrossCutting.Bus.csproj", "{F935994C-AB8A-4D56-99B6-3C864AF82A37}"
EndProject
Project("{FAE04EC0-301F-11D3-BF4B-00C04F79EFBC}") = "NASys.Core.Web", "0 - Presentention\NASys.Core.Web\NASys.Core.Web.csproj", "{3C072143-7A64-4304-8656-DAFA4F9F5674}"
EndProject
Global
	GlobalSection(SolutionConfigurationPlatforms) = preSolution
		Debug|Any CPU = Debug|Any CPU
		Release|Any CPU = Release|Any CPU
	EndGlobalSection
	GlobalSection(ProjectConfigurationPlatforms) = postSolution
		{8C25EF33-AA08-4494-A955-F0D466B84FCF}.Debug|Any CPU.ActiveCfg = Debug|Any CPU
		{8C25EF33-AA08-4494-A955-F0D466B84FCF}.Debug|Any CPU.Build.0 = Debug|Any CPU
		{8C25EF33-AA08-4494-A955-F0D466B84FCF}.Release|Any CPU.ActiveCfg = Release|Any CPU
		{8C25EF33-AA08-4494-A955-F0D466B84FCF}.Release|Any CPU.Build.0 = Release|Any CPU
		{25E4CCC0-78B6-431D-952F-9BB8447054CC}.Debug|Any CPU.ActiveCfg = Debug|Any CPU
		{25E4CCC0-78B6-431D-952F-9BB8447054CC}.Debug|Any CPU.Build.0 = Debug|Any CPU
		{25E4CCC0-78B6-431D-952F-9BB8447054CC}.Release|Any CPU.ActiveCfg = Release|Any CPU
		{25E4CCC0-78B6-431D-952F-9BB8447054CC}.Release|Any CPU.Build.0 = Release|Any CPU
		{7841E650-1314-43EA-9138-C1C50F893B79}.Debug|Any CPU.ActiveCfg = Debug|Any CPU
		{7841E650-1314-43EA-9138-C1C50F893B79}.Debug|Any CPU.Build.0 = Debug|Any CPU
		{7841E650-1314-43EA-9138-C1C50F893B79}.Release|Any CPU.ActiveCfg = Release|Any CPU
		{7841E650-1314-43EA-9138-C1C50F893B79}.Release|Any CPU.Build.0 = Release|Any CPU
		{E7475FA6-BDC8-4553-966A-8D3020BDEC7C}.Debug|Any CPU.ActiveCfg = Debug|Any CPU
		{E7475FA6-BDC8-4553-966A-8D3020BDEC7C}.Debug|Any CPU.Build.0 = Debug|Any CPU
		{E7475FA6-BDC8-4553-966A-8D3020BDEC7C}.Release|Any CPU.ActiveCfg = Release|Any CPU
		{E7475FA6-BDC8-4553-966A-8D3020BDEC7C}.Release|Any CPU.Build.0 = Release|Any CPU
		{10690FEF-D426-4AF3-A2EF-5A284E71EADC}.Debug|Any CPU.ActiveCfg = Debug|Any CPU
		{10690FEF-D426-4AF3-A2EF-5A284E71EADC}.Debug|Any CPU.Build.0 = Debug|Any CPU
		{10690FEF-D426-4AF3-A2EF-5A284E71EADC}.Release|Any CPU.ActiveCfg = Release|Any CPU
		{10690FEF-D426-4AF3-A2EF-5A284E71EADC}.Release|Any CPU.Build.0 = Release|Any CPU
		{1D1B5A9A-9D73-4940-A03F-5C6D579C96F9}.Debug|Any CPU.ActiveCfg = Debug|Any CPU
		{1D1B5A9A-9D73-4940-A03F-5C6D579C96F9}.Debug|Any CPU.Build.0 = Debug|Any CPU
		{1D1B5A9A-9D73-4940-A03F-5C6D579C96F9}.Release|Any CPU.ActiveCfg = Release|Any CPU
		{1D1B5A9A-9D73-4940-A03F-5C6D579C96F9}.Release|Any CPU.Build.0 = Release|Any CPU
		{BCA8F331-C716-4B27-875B-D21E004A094B}.Debug|Any CPU.ActiveCfg = Debug|Any CPU
		{BCA8F331-C716-4B27-875B-D21E004A094B}.Debug|Any CPU.Build.0 = Debug|Any CPU
		{BCA8F331-C716-4B27-875B-D21E004A094B}.Release|Any CPU.ActiveCfg = Release|Any CPU
		{BCA8F331-C716-4B27-875B-D21E004A094B}.Release|Any CPU.Build.0 = Release|Any CPU
		{4EFBB2A9-A2DA-4667-83D1-0DA9E6674027}.Debug|Any CPU.ActiveCfg = Debug|Any CPU
		{4EFBB2A9-A2DA-4667-83D1-0DA9E6674027}.Debug|Any CPU.Build.0 = Debug|Any CPU
		{4EFBB2A9-A2DA-4667-83D1-0DA9E6674027}.Release|Any CPU.ActiveCfg = Release|Any CPU
		{4EFBB2A9-A2DA-4667-83D1-0DA9E6674027}.Release|Any CPU.Build.0 = Release|Any CPU
		{F935994C-AB8A-4D56-99B6-3C864AF82A37}.Debug|Any CPU.ActiveCfg = Debug|Any CPU
		{F935994C-AB8A-4D56-99B6-3C864AF82A37}.Debug|Any CPU.Build.0 = Debug|Any CPU
		{F935994C-AB8A-4D56-99B6-3C864AF82A37}.Release|Any CPU.ActiveCfg = Release|Any CPU
		{F935994C-AB8A-4D56-99B6-3C864AF82A37}.Release|Any CPU.Build.0 = Release|Any CPU
		{3C072143-7A64-4304-8656-DAFA4F9F5674}.Debug|Any CPU.ActiveCfg = Debug|Any CPU
		{3C072143-7A64-4304-8656-DAFA4F9F5674}.Debug|Any CPU.Build.0 = Debug|Any CPU
		{3C072143-7A64-4304-8656-DAFA4F9F5674}.Release|Any CPU.ActiveCfg = Release|Any CPU
		{3C072143-7A64-4304-8656-DAFA4F9F5674}.Release|Any CPU.Build.0 = Release|Any CPU
	EndGlobalSection
	GlobalSection(SolutionProperties) = preSolution
		HideSolutionNode = FALSE
	EndGlobalSection
	GlobalSection(NestedProjects) = preSolution
		{5668E34E-027F-48EC-A9DD-93B4F443C511} = {6F782864-CF1C-4602-8342-DE054A7B2E59}
		{D29A5A8C-9031-4581-9F4B-11FA2D399EB9} = {6F782864-CF1C-4602-8342-DE054A7B2E59}
		{8C25EF33-AA08-4494-A955-F0D466B84FCF} = {5668E34E-027F-48EC-A9DD-93B4F443C511}
		{25E4CCC0-78B6-431D-952F-9BB8447054CC} = {5668E34E-027F-48EC-A9DD-93B4F443C511}
		{7841E650-1314-43EA-9138-C1C50F893B79} = {2F86841D-621E-4BF1-9FA8-5214A4A30EF4}
		{E7475FA6-BDC8-4553-966A-8D3020BDEC7C} = {D29A5A8C-9031-4581-9F4B-11FA2D399EB9}
		{10690FEF-D426-4AF3-A2EF-5A284E71EADC} = {2F952F6D-2DFC-498B-821E-3AD7DE3241EF}
		{1D1B5A9A-9D73-4940-A03F-5C6D579C96F9} = {2F86841D-621E-4BF1-9FA8-5214A4A30EF4}
		{BCA8F331-C716-4B27-875B-D21E004A094B} = {BE030C12-93C3-4A15-A79A-A28D051B5FFC}
		{4EFBB2A9-A2DA-4667-83D1-0DA9E6674027} = {1FCDAADF-D04A-44E2-BBA5-6424EE3C0C9F}
		{F935994C-AB8A-4D56-99B6-3C864AF82A37} = {D29A5A8C-9031-4581-9F4B-11FA2D399EB9}
		{3C072143-7A64-4304-8656-DAFA4F9F5674} = {1FCDAADF-D04A-44E2-BBA5-6424EE3C0C9F}
	EndGlobalSection
	GlobalSection(ExtensibilityGlobals) = postSolution
		SolutionGuid = {F6423D7A-D8B5-4439-84E8-EA9880F1911C}
	EndGlobalSection
EndGlobal
